{
  "name": "openresty-lua-types",
  "version": "2.0.0",
  "lockfileVersion": 2,
  "requires": true,
  "packages": {
    "": {
      "name": "openresty-lua-types",
      "version": "2.0.0",
      "license": "ISC",
      "dependencies": {
        "@typescript-to-lua/language-extensions": "^1.0.0"
      }
    },
    "node_modules/@typescript-to-lua/language-extensions": {
      "version": "1.0.0",
      "resolved": "https://registry.npmjs.org/@typescript-to-lua/language-extensions/-/language-extensions-1.0.0.tgz",
      "integrity": "sha512-GtmhFqyg+txpGgGLM3mlS3R6AEG9MQhKALxxcbr6SBzg9u7YAXcPKqUBaBYd6nH+Pi/eQLcWz4BNOLhz8v4TjQ=="
    }
  },
  "dependencies": {
    "@typescript-to-lua/language-extensions": {
      "version": "1.0.0",
      "resolved": "https://registry.npmjs.org/@typescript-to-lua/language-extensions/-/language-extensions-1.0.0.tgz",
      "integrity": "sha512-GtmhFqyg+txpGgGLM3mlS3R6AEG9MQhKALxxcbr6SBzg9u7YAXcPKqUBaBYd6nH+Pi/eQLcWz4BNOLhz8v4TjQ=="
    }
  }
}
